version = 1
revision = 3
requires-python = "==3.14.*"

[[package]]
name = "pyflakes"
version = "4.0.1"
source = { registry = "https://pypi.org/simple" }
sdist = { url = "https://files.pythonhosted.org/packages/8c/23/cf4fc43ce292ed1ae519d8873497e7944306f523d8523bd7a19274b256ca/pyflakes-4.0.1.tar.gz", hash = "sha256:cb4e721195b96e1792f3dfaefa02fb36a4f6253e899bbe0793f8aef6ed0065ef", size = 67099, upload-time = "2026-09-30T19:40:11.853Z" }
wheels = [
    { url = "https://files.pythonhosted.org/packages/27/be/8ca18b353cae5b95cb49b9a4273ddacae82477dcfc1be2cc17dd3bafc1d9/pyflakes-4.0.1-py2.py3-none-any.whl", hash = "sha256:1559b701962c803eadeb9c215dbac279585367b73ac12e1f0c42868785e6caad", size = 66176, upload-time = "2026-09-30T19:40:10.683Z" },
]

[[package]]
name = "test"
version = "0.1.0"
source = { virtual = "." }
dependencies = [
    { name = "pyflakes" },
]

[package.metadata]
requires-dist = [{ name = "pyflakes", specifier = "==4.0.1" }]
